
Microsoft Visual Studio Solution File, Format Version 12.00
# Visual Studio Version 16
VisualStudioVersion = 16.0.29509.3
MinimumVisualStudioVersion = 10.0.40219.1
Project("{9A19103F-16F7-4668-BE54-9A1E7A4F7556}") = "Jumping on the Clouds", "warmup challenges\Jumping on the Clouds\Jumping on the Clouds.csproj", "{F6B3DE99-3479-4187-AB0A-8EFC6F7D7665}"
EndProject
Project("{9A19103F-16F7-4668-BE54-9A1E7A4F7556}") = "Repeated String", "warmup challenges\Repeated String\Repeated String.csproj", "{05D47CA9-2A73-44EE-B67E-2A0CBAA0F2AF}"
EndProject
Project("{9A19103F-16F7-4668-BE54-9A1E7A4F7556}") = "2D Array - DS", "prep kit\arrays\2D Array - DS\2D Array - DS.csproj", "{126282F7-CBAF-4E47-BE1F-1B049427DDD0}"
EndProject
Project("{2150E333-8FDC-42A3-9474-1A3956D46DE8}") = "Warmup", "Warmup", "{C10785B8-FFB6-476B-9213-7C32FE52EAF4}"
EndProject
Project("{2150E333-8FDC-42A3-9474-1A3956D46DE8}") = "arrays", "arrays", "{94992B06-1D53-49E4-9C51-BD624EB5BC60}"
EndProject
Project("{9A19103F-16F7-4668-BE54-9A1E7A4F7556}") = "Left Rotation", "Left Rotation\Left Rotation.csproj", "{C0CA6297-314C-43CF-9785-680ACC8EE708}"
EndProject
Project("{FAE04EC0-301F-11D3-BF4B-00C04F79EFBC}") = "Array Manipulation", "Array Manipulation\Array Manipulation.csproj", "{B686EDBC-5A0F-4572-BE39-279FBF4D917D}"
EndProject
Global
	GlobalSection(SolutionConfigurationPlatforms) = preSolution
		Debug|Any CPU = Debug|Any CPU
		Release|Any CPU = Release|Any CPU
	EndGlobalSection
	GlobalSection(ProjectConfigurationPlatforms) = postSolution
		{F6B3DE99-3479-4187-AB0A-8EFC6F7D7665}.Debug|Any CPU.ActiveCfg = Debug|Any CPU
		{F6B3DE99-3479-4187-AB0A-8EFC6F7D7665}.Debug|Any CPU.Build.0 = Debug|Any CPU
		{F6B3DE99-3479-4187-AB0A-8EFC6F7D7665}.Release|Any CPU.ActiveCfg = Release|Any CPU
		{F6B3DE99-3479-4187-AB0A-8EFC6F7D7665}.Release|Any CPU.Build.0 = Release|Any CPU
		{05D47CA9-2A73-44EE-B67E-2A0CBAA0F2AF}.Debug|Any CPU.ActiveCfg = Debug|Any CPU
		{05D47CA9-2A73-44EE-B67E-2A0CBAA0F2AF}.Debug|Any CPU.Build.0 = Debug|Any CPU
		{05D47CA9-2A73-44EE-B67E-2A0CBAA0F2AF}.Release|Any CPU.ActiveCfg = Release|Any CPU
		{05D47CA9-2A73-44EE-B67E-2A0CBAA0F2AF}.Release|Any CPU.Build.0 = Release|Any CPU
		{126282F7-CBAF-4E47-BE1F-1B049427DDD0}.Debug|Any CPU.ActiveCfg = Debug|Any CPU
		{126282F7-CBAF-4E47-BE1F-1B049427DDD0}.Debug|Any CPU.Build.0 = Debug|Any CPU
		{126282F7-CBAF-4E47-BE1F-1B049427DDD0}.Release|Any CPU.ActiveCfg = Release|Any CPU
		{126282F7-CBAF-4E47-BE1F-1B049427DDD0}.Release|Any CPU.Build.0 = Release|Any CPU
		{C0CA6297-314C-43CF-9785-680ACC8EE708}.Debug|Any CPU.ActiveCfg = Debug|Any CPU
		{C0CA6297-314C-43CF-9785-680ACC8EE708}.Debug|Any CPU.Build.0 = Debug|Any CPU
		{C0CA6297-314C-43CF-9785-680ACC8EE708}.Release|Any CPU.ActiveCfg = Release|Any CPU
		{C0CA6297-314C-43CF-9785-680ACC8EE708}.Release|Any CPU.Build.0 = Release|Any CPU
		{B686EDBC-5A0F-4572-BE39-279FBF4D917D}.Debug|Any CPU.ActiveCfg = Debug|Any CPU
		{B686EDBC-5A0F-4572-BE39-279FBF4D917D}.Debug|Any CPU.Build.0 = Debug|Any CPU
		{B686EDBC-5A0F-4572-BE39-279FBF4D917D}.Release|Any CPU.ActiveCfg = Release|Any CPU
		{B686EDBC-5A0F-4572-BE39-279FBF4D917D}.Release|Any CPU.Build.0 = Release|Any CPU
	EndGlobalSection
	GlobalSection(SolutionProperties) = preSolution
		HideSolutionNode = FALSE
	EndGlobalSection
	GlobalSection(NestedProjects) = preSolution
		{F6B3DE99-3479-4187-AB0A-8EFC6F7D7665} = {C10785B8-FFB6-476B-9213-7C32FE52EAF4}
		{05D47CA9-2A73-44EE-B67E-2A0CBAA0F2AF} = {C10785B8-FFB6-476B-9213-7C32FE52EAF4}
		{126282F7-CBAF-4E47-BE1F-1B049427DDD0} = {94992B06-1D53-49E4-9C51-BD624EB5BC60}
		{C0CA6297-314C-43CF-9785-680ACC8EE708} = {94992B06-1D53-49E4-9C51-BD624EB5BC60}
		{B686EDBC-5A0F-4572-BE39-279FBF4D917D} = {94992B06-1D53-49E4-9C51-BD624EB5BC60}
	EndGlobalSection
	GlobalSection(ExtensibilityGlobals) = postSolution
		SolutionGuid = {5072DBD7-C32A-4FBC-A394-89408A7D2EBB}
	EndGlobalSection
EndGlobal
